PODS:
  - Alamofire (4.6.0)
  - AlamofireImage (3.3.0):
    - Alamofire (~> 4.5)
  - lottie-ios (2.5.0)
  - Realm (3.10.0):
    - Realm/Headers (= 3.10.0)
  - Realm/Headers (3.10.0)
  - RealmSwift (3.10.0):
    - Realm (= 3.10.0)
  - Reveal-SDK (18)
  - TinyConstraints (3.1.0)

DEPENDENCIES:
  - Alamofire (= 4.6.0)
  - AlamofireImage (= 3.3.0)
  - lottie-ios (= 2.5.0)
  - RealmSwift (= 3.10.0)
  - Reveal-SDK
  - TinyConstraints (= 3.1.0)

SPEC REPOS:
  https://github.com/cocoapods/specs.git:
    - Alamofire
    - AlamofireImage
    - lottie-ios
    - Realm
    - RealmSwift
    - Reveal-SDK
    - TinyConstraints

SPEC CHECKSUMS:
  Alamofire: f41a599bd63041760b26d393ec1069d9d7b917f4
  AlamofireImage: 2e784dc5d00f04903a52c1d169181469c805c3df
  lottie-ios: d699fdee68d7b63e721d949388b015fef1aaa4ac
  Realm: 85ab9e4f779d66f6e9ffeb118dc25b7f130c96ac
  RealmSwift: 69121c8b86d0ae005fb779efdb10e606732e1c74
  Reveal-SDK: cce79388da3fd0bbb6ae19d769b906cfc3a33a89
  TinyConstraints: 4721a4b303c799328867078ade6560e152df54d1

PODFILE CHECKSUM: fbe6c3e159a70819dcbe29e2d69d6acc6832f25e

COCOAPODS: 1.5.3
