PODS:
  - Alamofire (4.6.0)
  - AlamofireImage (3.3.0):
    - Alamofire (~> 4.5)
  - Realm (3.7.5):
    - Realm/Headers (= 3.7.5)
  - Realm/Headers (3.7.5)
  - RealmSwift (3.7.5):
    - Realm (= 3.7.5)
  - Reveal-SDK (17)
  - TinyConstraints (3.1.0)

DEPENDENCIES:
  - Alamofire (= 4.6.0)
  - AlamofireImage (= 3.3.0)
  - RealmSwift (= 3.7.5)
  - Reveal-SDK
  - TinyConstraints (= 3.1.0)

SPEC REPOS:
  https://github.com/cocoapods/specs.git:
    - Alamofire
    - AlamofireImage
    - Realm
    - RealmSwift
    - Reveal-SDK
    - TinyConstraints

SPEC CHECKSUMS:
  Alamofire: f41a599bd63041760b26d393ec1069d9d7b917f4
  AlamofireImage: 2e784dc5d00f04903a52c1d169181469c805c3df
  Realm: c286caf4dbf346ce24aad49ca76c7ce622d4a082
  RealmSwift: 2a9281e37d6de55f66f76254d49d28aeb1b729e4
  Reveal-SDK: a6df49f47319bd19a110c960c498af32df72c0af
  TinyConstraints: 4721a4b303c799328867078ade6560e152df54d1

PODFILE CHECKSUM: a224668648846f6ab6350f0314ca65f45a26279d

COCOAPODS: 1.5.3
