// !$*UTF8*$!
{
	archiveVersion = 1;
	classes = {
	};
	objectVersion = 50;
	objects = {

/* Begin PBXBuildFile section */
		268BC03C9861F041A6E86DD9 /* Pods_TheMovieDBAPITests.framework in Frameworks */ = {isa = PBXBuildFile; fileRef = 61A2A979031D463D800E0917 /* Pods_TheMovieDBAPITests.framework */; };
		39C48FC5E0A0067332EAB6E6 /* Pods_TheMovieDB.framework in Frameworks */ = {isa = PBXBuildFile; fileRef = A52E1ADE453EF80F133EF3C7 /* Pods_TheMovieDB.framework */; };
		8617071221402EBB004680C1 /* AppDelegate.swift in Sources */ = {isa = PBXBuildFile; fileRef = 8617071121402EBB004680C1 /* AppDelegate.swift */; };
		8617071921402EBD004680C1 /* Assets.xcassets in Resources */ = {isa = PBXBuildFile; fileRef = 8617071821402EBD004680C1 /* Assets.xcassets */; };
		8617071C21402EBD004680C1 /* LaunchScreen.storyboard in Resources */ = {isa = PBXBuildFile; fileRef = 8617071A21402EBD004680C1 /* LaunchScreen.storyboard */; };
		8617072721402EBD004680C1 /* TheMovieDBTests.swift in Sources */ = {isa = PBXBuildFile; fileRef = 8617072621402EBD004680C1 /* TheMovieDBTests.swift */; };
		861707392142C081004680C1 /* Settings.swift in Sources */ = {isa = PBXBuildFile; fileRef = 861707382142C081004680C1 /* Settings.swift */; };
		8617073E2142C313004680C1 /* Settings.bundle in Resources */ = {isa = PBXBuildFile; fileRef = 8617073D2142C313004680C1 /* Settings.bundle */; };
		861707422142C9D5004680C1 /* APIClient.swift in Sources */ = {isa = PBXBuildFile; fileRef = 861707412142C9D5004680C1 /* APIClient.swift */; };
		861707442142CA81004680C1 /* JSONHelpers.swift in Sources */ = {isa = PBXBuildFile; fileRef = 861707432142CA81004680C1 /* JSONHelpers.swift */; };
		861707462142CA93004680C1 /* APIRequests.swift in Sources */ = {isa = PBXBuildFile; fileRef = 861707452142CA93004680C1 /* APIRequests.swift */; };
		861707482142CA9F004680C1 /* APIResponses.swift in Sources */ = {isa = PBXBuildFile; fileRef = 861707472142CA9F004680C1 /* APIResponses.swift */; };
		8617074B2142CC00004680C1 /* String.swift in Sources */ = {isa = PBXBuildFile; fileRef = 8617074A2142CC00004680C1 /* String.swift */; };
		8617074E2142CE56004680C1 /* Localizable.strings in Resources */ = {isa = PBXBuildFile; fileRef = 8617074D2142CE56004680C1 /* Localizable.strings */; };
		861707522142CF47004680C1 /* AppConfig.swift in Sources */ = {isa = PBXBuildFile; fileRef = 861707512142CF47004680C1 /* AppConfig.swift */; };
		861707552142D5DA004680C1 /* GetMoviesWorker.swift in Sources */ = {isa = PBXBuildFile; fileRef = 861707542142D5DA004680C1 /* GetMoviesWorker.swift */; };
		8617075D2142E183004680C1 /* TheMovieDBAPITests.swift in Sources */ = {isa = PBXBuildFile; fileRef = 8617075C2142E183004680C1 /* TheMovieDBAPITests.swift */; };
		861707652142E1D1004680C1 /* GetMoviesWorker.swift in Sources */ = {isa = PBXBuildFile; fileRef = 861707542142D5DA004680C1 /* GetMoviesWorker.swift */; };
		861707662142E1DB004680C1 /* APIClient.swift in Sources */ = {isa = PBXBuildFile; fileRef = 861707412142C9D5004680C1 /* APIClient.swift */; };
		861707672142E1DE004680C1 /* APIRequests.swift in Sources */ = {isa = PBXBuildFile; fileRef = 861707452142CA93004680C1 /* APIRequests.swift */; };
		861707682142E1E0004680C1 /* APIResponses.swift in Sources */ = {isa = PBXBuildFile; fileRef = 861707472142CA9F004680C1 /* APIResponses.swift */; };
		861707692142E2C5004680C1 /* Settings.swift in Sources */ = {isa = PBXBuildFile; fileRef = 861707382142C081004680C1 /* Settings.swift */; };
		8617076A2142E2DD004680C1 /* String.swift in Sources */ = {isa = PBXBuildFile; fileRef = 8617074A2142CC00004680C1 /* String.swift */; };
		8617076B2142E2E2004680C1 /* JSONHelpers.swift in Sources */ = {isa = PBXBuildFile; fileRef = 861707432142CA81004680C1 /* JSONHelpers.swift */; };
		8617076E2142E405004680C1 /* Movie.swift in Sources */ = {isa = PBXBuildFile; fileRef = 8617076D2142E405004680C1 /* Movie.swift */; };
		8617076F2142E409004680C1 /* Movie.swift in Sources */ = {isa = PBXBuildFile; fileRef = 8617076D2142E405004680C1 /* Movie.swift */; };
		861707702142E409004680C1 /* Movie.swift in Sources */ = {isa = PBXBuildFile; fileRef = 8617076D2142E405004680C1 /* Movie.swift */; };
		861707742143C0D4004680C1 /* MovieListViewController.swift in Sources */ = {isa = PBXBuildFile; fileRef = 861707732143C0D4004680C1 /* MovieListViewController.swift */; };
		861707772143C222004680C1 /* ViewController.swift in Sources */ = {isa = PBXBuildFile; fileRef = 861707762143C222004680C1 /* ViewController.swift */; };
		8617077A2143C424004680C1 /* MovieListView.swift in Sources */ = {isa = PBXBuildFile; fileRef = 861707792143C424004680C1 /* MovieListView.swift */; };
		8617077D2143C54B004680C1 /* Style.swift in Sources */ = {isa = PBXBuildFile; fileRef = 8617077C2143C54B004680C1 /* Style.swift */; };
		861707802143C5D4004680C1 /* Labels.swift in Sources */ = {isa = PBXBuildFile; fileRef = 8617077F2143C5D4004680C1 /* Labels.swift */; };
		861707822143C61E004680C1 /* Label.swift in Sources */ = {isa = PBXBuildFile; fileRef = 861707812143C61E004680C1 /* Label.swift */; };
		861707842143CADE004680C1 /* MovieCell.swift in Sources */ = {isa = PBXBuildFile; fileRef = 861707832143CADE004680C1 /* MovieCell.swift */; };
		8617078B2143CE3D004680C1 /* Muli-Bold.ttf in Resources */ = {isa = PBXBuildFile; fileRef = 861707882143CE3D004680C1 /* Muli-Bold.ttf */; };
		8617078C2143CE3D004680C1 /* Muli-Regular.ttf in Resources */ = {isa = PBXBuildFile; fileRef = 861707892143CE3D004680C1 /* Muli-Regular.ttf */; };
		8617078D2143CE3D004680C1 /* nevis.ttf in Resources */ = {isa = PBXBuildFile; fileRef = 8617078A2143CE3D004680C1 /* nevis.ttf */; };
		861707902143D266004680C1 /* TableView.swift in Sources */ = {isa = PBXBuildFile; fileRef = 8617078F2143D266004680C1 /* TableView.swift */; };
		861707932143D3DF004680C1 /* MovieListDataSource.swift in Sources */ = {isa = PBXBuildFile; fileRef = 861707922143D3DF004680C1 /* MovieListDataSource.swift */; };
		861707952143D95F004680C1 /* MovieListInteractor.swift in Sources */ = {isa = PBXBuildFile; fileRef = 861707942143D95F004680C1 /* MovieListInteractor.swift */; };
		861707972143F051004680C1 /* GetGenresWorker.swift in Sources */ = {isa = PBXBuildFile; fileRef = 861707962143F051004680C1 /* GetGenresWorker.swift */; };
		861707992143F103004680C1 /* Genre.swift in Sources */ = {isa = PBXBuildFile; fileRef = 861707982143F103004680C1 /* Genre.swift */; };
		8617079C2143F1DE004680C1 /* GenreManager.swift in Sources */ = {isa = PBXBuildFile; fileRef = 8617079B2143F1DE004680C1 /* GenreManager.swift */; };
		8617079E2143F2C1004680C1 /* genres.json in Resources */ = {isa = PBXBuildFile; fileRef = 8617079D2143F2C1004680C1 /* genres.json */; };
		8617079F21440063004680C1 /* GetGenresWorker.swift in Sources */ = {isa = PBXBuildFile; fileRef = 861707962143F051004680C1 /* GetGenresWorker.swift */; };
		861707A021440069004680C1 /* GenreManager.swift in Sources */ = {isa = PBXBuildFile; fileRef = 8617079B2143F1DE004680C1 /* GenreManager.swift */; };
		861707A12144006F004680C1 /* Genre.swift in Sources */ = {isa = PBXBuildFile; fileRef = 861707982143F103004680C1 /* Genre.swift */; };
		861707A721441010004680C1 /* Date.swift in Sources */ = {isa = PBXBuildFile; fileRef = 861707A621441010004680C1 /* Date.swift */; };
		861707A821441010004680C1 /* Date.swift in Sources */ = {isa = PBXBuildFile; fileRef = 861707A621441010004680C1 /* Date.swift */; };
		861707A921441010004680C1 /* Date.swift in Sources */ = {isa = PBXBuildFile; fileRef = 861707A621441010004680C1 /* Date.swift */; };
		D42D03BB9C0AACAFFD3436D6 /* Pods_TheMovieDBTests.framework in Frameworks */ = {isa = PBXBuildFile; fileRef = 1013E700B5C622D2CD2146A0 /* Pods_TheMovieDBTests.framework */; };
/* End PBXBuildFile section */

/* Begin PBXContainerItemProxy section */
		8617072321402EBD004680C1 /* PBXContainerItemProxy */ = {
			isa = PBXContainerItemProxy;
			containerPortal = 8617070621402EBB004680C1 /* Project object */;
			proxyType = 1;
			remoteGlobalIDString = 8617070D21402EBB004680C1;
			remoteInfo = TheMovieDB;
		};
		8617075F2142E183004680C1 /* PBXContainerItemProxy */ = {
			isa = PBXContainerItemProxy;
			containerPortal = 8617070621402EBB004680C1 /* Project object */;
			proxyType = 1;
			remoteGlobalIDString = 8617070D21402EBB004680C1;
			remoteInfo = TheMovieDB;
		};
/* End PBXContainerItemProxy section */

/* Begin PBXFileReference section */
		1013E700B5C622D2CD2146A0 /* Pods_TheMovieDBTests.framework */ = {isa = PBXFileReference; explicitFileType = wrapper.framework; includeInIndex = 0; path = Pods_TheMovieDBTests.framework; sourceTree = BUILT_PRODUCTS_DIR; };
		14683E814F4E603938AC4F02 /* Pods-TheMovieDBTests.debug.xcconfig */ = {isa = PBXFileReference; includeInIndex = 1; lastKnownFileType = text.xcconfig; name = "Pods-TheMovieDBTests.debug.xcconfig"; path = "Pods/Target Support Files/Pods-TheMovieDBTests/Pods-TheMovieDBTests.debug.xcconfig"; sourceTree = "<group>"; };
		506AF30012B7A31AB812E042 /* Pods-TheMovieDBTests.release.xcconfig */ = {isa = PBXFileReference; includeInIndex = 1; lastKnownFileType = text.xcconfig; name = "Pods-TheMovieDBTests.release.xcconfig"; path = "Pods/Target Support Files/Pods-TheMovieDBTests/Pods-TheMovieDBTests.release.xcconfig"; sourceTree = "<group>"; };
		61A2A979031D463D800E0917 /* Pods_TheMovieDBAPITests.framework */ = {isa = PBXFileReference; explicitFileType = wrapper.framework; includeInIndex = 0; path = Pods_TheMovieDBAPITests.framework; sourceTree = BUILT_PRODUCTS_DIR; };
		6D67FD252B8C3ECB794C6DB3 /* Pods-TheMovieDBAPITests.debug.xcconfig */ = {isa = PBXFileReference; includeInIndex = 1; lastKnownFileType = text.xcconfig; name = "Pods-TheMovieDBAPITests.debug.xcconfig"; path = "Pods/Target Support Files/Pods-TheMovieDBAPITests/Pods-TheMovieDBAPITests.debug.xcconfig"; sourceTree = "<group>"; };
		7DD6B776375E957643D1714F /* Pods-TheMovieDB.adhoc.xcconfig */ = {isa = PBXFileReference; includeInIndex = 1; lastKnownFileType = text.xcconfig; name = "Pods-TheMovieDB.adhoc.xcconfig"; path = "Pods/Target Support Files/Pods-TheMovieDB/Pods-TheMovieDB.adhoc.xcconfig"; sourceTree = "<group>"; };
		854867C8B2D48528994D2879 /* Pods-TheMovieDBTests.adhoc.xcconfig */ = {isa = PBXFileReference; includeInIndex = 1; lastKnownFileType = text.xcconfig; name = "Pods-TheMovieDBTests.adhoc.xcconfig"; path = "Pods/Target Support Files/Pods-TheMovieDBTests/Pods-TheMovieDBTests.adhoc.xcconfig"; sourceTree = "<group>"; };
		8617070E21402EBB004680C1 /* TheMovieDB.app */ = {isa = PBXFileReference; explicitFileType = wrapper.application; includeInIndex = 0; path = TheMovieDB.app; sourceTree = BUILT_PRODUCTS_DIR; };
		8617071121402EBB004680C1 /* AppDelegate.swift */ = {isa = PBXFileReference; lastKnownFileType = sourcecode.swift; path = AppDelegate.swift; sourceTree = "<group>"; };
		8617071821402EBD004680C1 /* Assets.xcassets */ = {isa = PBXFileReference; lastKnownFileType = folder.assetcatalog; path = Assets.xcassets; sourceTree = "<group>"; };
		8617071B21402EBD004680C1 /* Base */ = {isa = PBXFileReference; lastKnownFileType = file.storyboard; name = Base; path = Base.lproj/LaunchScreen.storyboard; sourceTree = "<group>"; };
		8617071D21402EBD004680C1 /* Info.plist */ = {isa = PBXFileReference; lastKnownFileType = text.plist.xml; path = Info.plist; sourceTree = "<group>"; };
		8617072221402EBD004680C1 /* TheMovieDBTests.xctest */ = {isa = PBXFileReference; explicitFileType = wrapper.cfbundle; includeInIndex = 0; path = TheMovieDBTests.xctest; sourceTree = BUILT_PRODUCTS_DIR; };
		8617072621402EBD004680C1 /* TheMovieDBTests.swift */ = {isa = PBXFileReference; lastKnownFileType = sourcecode.swift; path = TheMovieDBTests.swift; sourceTree = "<group>"; };
		8617072821402EBD004680C1 /* Info.plist */ = {isa = PBXFileReference; lastKnownFileType = text.plist.xml; path = Info.plist; sourceTree = "<group>"; };
		861707382142C081004680C1 /* Settings.swift */ = {isa = PBXFileReference; lastKnownFileType = sourcecode.swift; path = Settings.swift; sourceTree = "<group>"; };
		8617073D2142C313004680C1 /* Settings.bundle */ = {isa = PBXFileReference; lastKnownFileType = "wrapper.plug-in"; path = Settings.bundle; sourceTree = "<group>"; };
		861707412142C9D5004680C1 /* APIClient.swift */ = {isa = PBXFileReference; lastKnownFileType = sourcecode.swift; path = APIClient.swift; sourceTree = "<group>"; };
		861707432142CA81004680C1 /* JSONHelpers.swift */ = {isa = PBXFileReference; lastKnownFileType = sourcecode.swift; path = JSONHelpers.swift; sourceTree = "<group>"; };
		861707452142CA93004680C1 /* APIRequests.swift */ = {isa = PBXFileReference; lastKnownFileType = sourcecode.swift; path = APIRequests.swift; sourceTree = "<group>"; };
		861707472142CA9F004680C1 /* APIResponses.swift */ = {isa = PBXFileReference; lastKnownFileType = sourcecode.swift; path = APIResponses.swift; sourceTree = "<group>"; };
		8617074A2142CC00004680C1 /* String.swift */ = {isa = PBXFileReference; lastKnownFileType = sourcecode.swift; path = String.swift; sourceTree = "<group>"; };
		8617074D2142CE56004680C1 /* Localizable.strings */ = {isa = PBXFileReference; fileEncoding = 4; lastKnownFileType = text.plist.strings; path = Localizable.strings; sourceTree = "<group>"; };
		861707512142CF47004680C1 /* AppConfig.swift */ = {isa = PBXFileReference; lastKnownFileType = sourcecode.swift; path = AppConfig.swift; sourceTree = "<group>"; };
		861707542142D5DA004680C1 /* GetMoviesWorker.swift */ = {isa = PBXFileReference; lastKnownFileType = sourcecode.swift; path = GetMoviesWorker.swift; sourceTree = "<group>"; };
		8617075A2142E183004680C1 /* TheMovieDBAPITests.xctest */ = {isa = PBXFileReference; explicitFileType = wrapper.cfbundle; includeInIndex = 0; path = TheMovieDBAPITests.xctest; sourceTree = BUILT_PRODUCTS_DIR; };
		8617075C2142E183004680C1 /* TheMovieDBAPITests.swift */ = {isa = PBXFileReference; lastKnownFileType = sourcecode.swift; path = TheMovieDBAPITests.swift; sourceTree = "<group>"; };
		8617075E2142E183004680C1 /* Info.plist */ = {isa = PBXFileReference; lastKnownFileType = text.plist.xml; path = Info.plist; sourceTree = "<group>"; };
		8617076D2142E405004680C1 /* Movie.swift */ = {isa = PBXFileReference; lastKnownFileType = sourcecode.swift; path = Movie.swift; sourceTree = "<group>"; };
		861707732143C0D4004680C1 /* MovieListViewController.swift */ = {isa = PBXFileReference; lastKnownFileType = sourcecode.swift; path = MovieListViewController.swift; sourceTree = "<group>"; };
		861707762143C222004680C1 /* ViewController.swift */ = {isa = PBXFileReference; lastKnownFileType = sourcecode.swift; path = ViewController.swift; sourceTree = "<group>"; };
		861707792143C424004680C1 /* MovieListView.swift */ = {isa = PBXFileReference; lastKnownFileType = sourcecode.swift; path = MovieListView.swift; sourceTree = "<group>"; };
		8617077C2143C54B004680C1 /* Style.swift */ = {isa = PBXFileReference; lastKnownFileType = sourcecode.swift; path = Style.swift; sourceTree = "<group>"; };
		8617077F2143C5D4004680C1 /* Labels.swift */ = {isa = PBXFileReference; lastKnownFileType = sourcecode.swift; path = Labels.swift; sourceTree = "<group>"; };
		861707812143C61E004680C1 /* Label.swift */ = {isa = PBXFileReference; lastKnownFileType = sourcecode.swift; path = Label.swift; sourceTree = "<group>"; };
		861707832143CADE004680C1 /* MovieCell.swift */ = {isa = PBXFileReference; lastKnownFileType = sourcecode.swift; path = MovieCell.swift; sourceTree = "<group>"; };
		861707882143CE3D004680C1 /* Muli-Bold.ttf */ = {isa = PBXFileReference; lastKnownFileType = file; path = "Muli-Bold.ttf"; sourceTree = "<group>"; };
		861707892143CE3D004680C1 /* Muli-Regular.ttf */ = {isa = PBXFileReference; lastKnownFileType = file; path = "Muli-Regular.ttf"; sourceTree = "<group>"; };
		8617078A2143CE3D004680C1 /* nevis.ttf */ = {isa = PBXFileReference; lastKnownFileType = file; path = nevis.ttf; sourceTree = "<group>"; };
		8617078F2143D266004680C1 /* TableView.swift */ = {isa = PBXFileReference; lastKnownFileType = sourcecode.swift; path = TableView.swift; sourceTree = "<group>"; };
		861707922143D3DF004680C1 /* MovieListDataSource.swift */ = {isa = PBXFileReference; lastKnownFileType = sourcecode.swift; path = MovieListDataSource.swift; sourceTree = "<group>"; };
		861707942143D95F004680C1 /* MovieListInteractor.swift */ = {isa = PBXFileReference; lastKnownFileType = sourcecode.swift; path = MovieListInteractor.swift; sourceTree = "<group>"; };
		861707962143F051004680C1 /* GetGenresWorker.swift */ = {isa = PBXFileReference; lastKnownFileType = sourcecode.swift; path = GetGenresWorker.swift; sourceTree = "<group>"; };
		861707982143F103004680C1 /* Genre.swift */ = {isa = PBXFileReference; lastKnownFileType = sourcecode.swift; path = Genre.swift; sourceTree = "<group>"; };
		8617079B2143F1DE004680C1 /* GenreManager.swift */ = {isa = PBXFileReference; lastKnownFileType = sourcecode.swift; path = GenreManager.swift; sourceTree = "<group>"; };
		8617079D2143F2C1004680C1 /* genres.json */ = {isa = PBXFileReference; fileEncoding = 4; lastKnownFileType = text.json; path = genres.json; sourceTree = "<group>"; };
		861707A621441010004680C1 /* Date.swift */ = {isa = PBXFileReference; lastKnownFileType = sourcecode.swift; path = Date.swift; sourceTree = "<group>"; };
		A52E1ADE453EF80F133EF3C7 /* Pods_TheMovieDB.framework */ = {isa = PBXFileReference; explicitFileType = wrapper.framework; includeInIndex = 0; path = Pods_TheMovieDB.framework; sourceTree = BUILT_PRODUCTS_DIR; };
		BAEAD7CFD31485E00B3FC593 /* Pods-TheMovieDBAPITests.release.xcconfig */ = {isa = PBXFileReference; includeInIndex = 1; lastKnownFileType = text.xcconfig; name = "Pods-TheMovieDBAPITests.release.xcconfig"; path = "Pods/Target Support Files/Pods-TheMovieDBAPITests/Pods-TheMovieDBAPITests.release.xcconfig"; sourceTree = "<group>"; };
		C785D41A7D62B2917E120341 /* Pods-TheMovieDB.release.xcconfig */ = {isa = PBXFileReference; includeInIndex = 1; lastKnownFileType = text.xcconfig; name = "Pods-TheMovieDB.release.xcconfig"; path = "Pods/Target Support Files/Pods-TheMovieDB/Pods-TheMovieDB.release.xcconfig"; sourceTree = "<group>"; };
		E5D6A075EEAF6711B585C046 /* Pods-TheMovieDBAPITests.adhoc.xcconfig */ = {isa = PBXFileReference; includeInIndex = 1; lastKnownFileType = text.xcconfig; name = "Pods-TheMovieDBAPITests.adhoc.xcconfig"; path = "Pods/Target Support Files/Pods-TheMovieDBAPITests/Pods-TheMovieDBAPITests.adhoc.xcconfig"; sourceTree = "<group>"; };
		EDD04021C27748EE483DB5DB /* Pods-TheMovieDB.debug.xcconfig */ = {isa = PBXFileReference; includeInIndex = 1; lastKnownFileType = text.xcconfig; name = "Pods-TheMovieDB.debug.xcconfig"; path = "Pods/Target Support Files/Pods-TheMovieDB/Pods-TheMovieDB.debug.xcconfig"; sourceTree = "<group>"; };
/* End PBXFileReference section */

/* Begin PBXFrameworksBuildPhase section */
		8617070B21402EBB004680C1 /* Frameworks */ = {
			isa = PBXFrameworksBuildPhase;
			buildActionMask = 2147483647;
			files = (
				39C48FC5E0A0067332EAB6E6 /* Pods_TheMovieDB.framework in Frameworks */,
			);
			runOnlyForDeploymentPostprocessing = 0;
		};
		8617071F21402EBD004680C1 /* Frameworks */ = {
			isa = PBXFrameworksBuildPhase;
			buildActionMask = 2147483647;
			files = (
				D42D03BB9C0AACAFFD3436D6 /* Pods_TheMovieDBTests.framework in Frameworks */,
			);
			runOnlyForDeploymentPostprocessing = 0;
		};
		861707572142E183004680C1 /* Frameworks */ = {
			isa = PBXFrameworksBuildPhase;
			buildActionMask = 2147483647;
			files = (
				268BC03C9861F041A6E86DD9 /* Pods_TheMovieDBAPITests.framework in Frameworks */,
			);
			runOnlyForDeploymentPostprocessing = 0;
		};
/* End PBXFrameworksBuildPhase section */

/* Begin PBXGroup section */
		3051868934A8D7F45F9133FD /* Pods */ = {
			isa = PBXGroup;
			children = (
				EDD04021C27748EE483DB5DB /* Pods-TheMovieDB.debug.xcconfig */,
				C785D41A7D62B2917E120341 /* Pods-TheMovieDB.release.xcconfig */,
				14683E814F4E603938AC4F02 /* Pods-TheMovieDBTests.debug.xcconfig */,
				506AF30012B7A31AB812E042 /* Pods-TheMovieDBTests.release.xcconfig */,
				7DD6B776375E957643D1714F /* Pods-TheMovieDB.adhoc.xcconfig */,
				6D67FD252B8C3ECB794C6DB3 /* Pods-TheMovieDBAPITests.debug.xcconfig */,
				E5D6A075EEAF6711B585C046 /* Pods-TheMovieDBAPITests.adhoc.xcconfig */,
				BAEAD7CFD31485E00B3FC593 /* Pods-TheMovieDBAPITests.release.xcconfig */,
				854867C8B2D48528994D2879 /* Pods-TheMovieDBTests.adhoc.xcconfig */,
			);
			name = Pods;
			sourceTree = "<group>";
		};
		58A3F1AC26E7FBDC4DD086D5 /* Frameworks */ = {
			isa = PBXGroup;
			children = (
				A52E1ADE453EF80F133EF3C7 /* Pods_TheMovieDB.framework */,
				1013E700B5C622D2CD2146A0 /* Pods_TheMovieDBTests.framework */,
				61A2A979031D463D800E0917 /* Pods_TheMovieDBAPITests.framework */,
			);
			name = Frameworks;
			sourceTree = "<group>";
		};
		8617070521402EBB004680C1 = {
			isa = PBXGroup;
			children = (
				8617071021402EBB004680C1 /* TheMovieDB */,
				8617072521402EBD004680C1 /* TheMovieDBTests */,
				8617075B2142E183004680C1 /* TheMovieDBAPITests */,
				8617070F21402EBB004680C1 /* Products */,
				3051868934A8D7F45F9133FD /* Pods */,
				58A3F1AC26E7FBDC4DD086D5 /* Frameworks */,
			);
			sourceTree = "<group>";
		};
		8617070F21402EBB004680C1 /* Products */ = {
			isa = PBXGroup;
			children = (
				8617070E21402EBB004680C1 /* TheMovieDB.app */,
				8617072221402EBD004680C1 /* TheMovieDBTests.xctest */,
				8617075A2142E183004680C1 /* TheMovieDBAPITests.xctest */,
			);
			name = Products;
			sourceTree = "<group>";
		};
		8617071021402EBB004680C1 /* TheMovieDB */ = {
			isa = PBXGroup;
			children = (
				861707852143CE0D004680C1 /* Resources */,
				861707712143C016004680C1 /* Screens */,
				861707502142CF39004680C1 /* AppConfig */,
				8617074C2142CE3B004680C1 /* Localization */,
				8617073F2142C9BA004680C1 /* Common */,
				861707372142C06F004680C1 /* Settings */,
				8617071121402EBB004680C1 /* AppDelegate.swift */,
				8617071821402EBD004680C1 /* Assets.xcassets */,
				8617071A21402EBD004680C1 /* LaunchScreen.storyboard */,
				8617071D21402EBD004680C1 /* Info.plist */,
			);
			path = TheMovieDB;
			sourceTree = "<group>";
		};
		8617072521402EBD004680C1 /* TheMovieDBTests */ = {
			isa = PBXGroup;
			children = (
				8617072621402EBD004680C1 /* TheMovieDBTests.swift */,
				8617072821402EBD004680C1 /* Info.plist */,
			);
			path = TheMovieDBTests;
			sourceTree = "<group>";
		};
		861707372142C06F004680C1 /* Settings */ = {
			isa = PBXGroup;
			children = (
				8617073D2142C313004680C1 /* Settings.bundle */,
				861707382142C081004680C1 /* Settings.swift */,
			);
			path = Settings;
			sourceTree = "<group>";
		};
		8617073F2142C9BA004680C1 /* Common */ = {
			isa = PBXGroup;
			children = (
				8617079A2143F19A004680C1 /* Managers */,
				8617078E2143D248004680C1 /* Protocols */,
				8617077E2143C5BB004680C1 /* UIComponents */,
				8617077B2143C535004680C1 /* Style */,
				8617076C2142E3F0004680C1 /* Models */,
				861707532142D5C7004680C1 /* Workers */,
				861707492142CBED004680C1 /* Extensions */,
				861707402142C9C3004680C1 /* Network */,
			);
			path = Common;
			sourceTree = "<group>";
		};
		861707402142C9C3004680C1 /* Network */ = {
			isa = PBXGroup;
			children = (
				861707412142C9D5004680C1 /* APIClient.swift */,
				861707432142CA81004680C1 /* JSONHelpers.swift */,
				861707452142CA93004680C1 /* APIRequests.swift */,
				861707472142CA9F004680C1 /* APIResponses.swift */,
			);
			path = Network;
			sourceTree = "<group>";
		};
		861707492142CBED004680C1 /* Extensions */ = {
			isa = PBXGroup;
			children = (
				861707752143C13B004680C1 /* UIKit */,
				8617074F2142CEE5004680C1 /* Foundation */,
			);
			path = Extensions;
			sourceTree = "<group>";
		};
		8617074C2142CE3B004680C1 /* Localization */ = {
			isa = PBXGroup;
			children = (
				8617074D2142CE56004680C1 /* Localizable.strings */,
			);
			path = Localization;
			sourceTree = "<group>";
		};
		8617074F2142CEE5004680C1 /* Foundation */ = {
			isa = PBXGroup;
			children = (
				8617074A2142CC00004680C1 /* String.swift */,
				861707A621441010004680C1 /* Date.swift */,
			);
			path = Foundation;
			sourceTree = "<group>";
		};
		861707502142CF39004680C1 /* AppConfig */ = {
			isa = PBXGroup;
			children = (
				861707512142CF47004680C1 /* AppConfig.swift */,
			);
			path = AppConfig;
			sourceTree = "<group>";
		};
		861707532142D5C7004680C1 /* Workers */ = {
			isa = PBXGroup;
			children = (
				861707542142D5DA004680C1 /* GetMoviesWorker.swift */,
				861707962143F051004680C1 /* GetGenresWorker.swift */,
			);
			path = Workers;
			sourceTree = "<group>";
		};
		8617075B2142E183004680C1 /* TheMovieDBAPITests */ = {
			isa = PBXGroup;
			children = (
				8617075C2142E183004680C1 /* TheMovieDBAPITests.swift */,
				8617075E2142E183004680C1 /* Info.plist */,
			);
			path = TheMovieDBAPITests;
			sourceTree = "<group>";
		};
		8617076C2142E3F0004680C1 /* Models */ = {
			isa = PBXGroup;
			children = (
				8617076D2142E405004680C1 /* Movie.swift */,
				861707982143F103004680C1 /* Genre.swift */,
			);
			path = Models;
			sourceTree = "<group>";
		};
		861707712143C016004680C1 /* Screens */ = {
			isa = PBXGroup;
			children = (
				861707722143C023004680C1 /* SearchList */,
			);
			path = Screens;
			sourceTree = "<group>";
		};
		861707722143C023004680C1 /* SearchList */ = {
			isa = PBXGroup;
			children = (
				861707912143D3CC004680C1 /* Datasource */,
				861707782143C40E004680C1 /* Views */,
				861707732143C0D4004680C1 /* MovieListViewController.swift */,
				861707942143D95F004680C1 /* MovieListInteractor.swift */,
			);
			path = SearchList;
			sourceTree = "<group>";
		};
		861707752143C13B004680C1 /* UIKit */ = {
			isa = PBXGroup;
			children = (
				861707762143C222004680C1 /* ViewController.swift */,
				861707812143C61E004680C1 /* Label.swift */,
			);
			path = UIKit;
			sourceTree = "<group>";
		};
		861707782143C40E004680C1 /* Views */ = {
			isa = PBXGroup;
			children = (
				861707792143C424004680C1 /* MovieListView.swift */,
				861707832143CADE004680C1 /* MovieCell.swift */,
			);
			path = Views;
			sourceTree = "<group>";
		};
		8617077B2143C535004680C1 /* Style */ = {
			isa = PBXGroup;
			children = (
				8617077C2143C54B004680C1 /* Style.swift */,
			);
			path = Style;
			sourceTree = "<group>";
		};
		8617077E2143C5BB004680C1 /* UIComponents */ = {
			isa = PBXGroup;
			children = (
				8617077F2143C5D4004680C1 /* Labels.swift */,
			);
			path = UIComponents;
			sourceTree = "<group>";
		};
		861707852143CE0D004680C1 /* Resources */ = {
			isa = PBXGroup;
			children = (
				8617079D2143F2C1004680C1 /* genres.json */,
				861707872143CE1D004680C1 /* Animations */,
				861707862143CE18004680C1 /* Fonts */,
			);
			path = Resources;
			sourceTree = "<group>";
		};
		861707862143CE18004680C1 /* Fonts */ = {
			isa = PBXGroup;
			children = (
				861707882143CE3D004680C1 /* Muli-Bold.ttf */,
				861707892143CE3D004680C1 /* Muli-Regular.ttf */,
				8617078A2143CE3D004680C1 /* nevis.ttf */,
			);
			path = Fonts;
			sourceTree = "<group>";
		};
		861707872143CE1D004680C1 /* Animations */ = {
			isa = PBXGroup;
			children = (
			);
			path = Animations;
			sourceTree = "<group>";
		};
		8617078E2143D248004680C1 /* Protocols */ = {
			isa = PBXGroup;
			children = (
				8617078F2143D266004680C1 /* TableView.swift */,
			);
			path = Protocols;
			sourceTree = "<group>";
		};
		861707912143D3CC004680C1 /* Datasource */ = {
			isa = PBXGroup;
			children = (
				861707922143D3DF004680C1 /* MovieListDataSource.swift */,
			);
			path = Datasource;
			sourceTree = "<group>";
		};
		8617079A2143F19A004680C1 /* Managers */ = {
			isa = PBXGroup;
			children = (
				8617079B2143F1DE004680C1 /* GenreManager.swift */,
			);
			path = Managers;
			sourceTree = "<group>";
		};
/* End PBXGroup section */

/* Begin PBXNativeTarget section */
		8617070D21402EBB004680C1 /* TheMovieDB */ = {
			isa = PBXNativeTarget;
			buildConfigurationList = 8617072B21402EBD004680C1 /* Build configuration list for PBXNativeTarget "TheMovieDB" */;
			buildPhases = (
				78E16D728E2E13880C85C4CF /* [CP] Check Pods Manifest.lock */,
				8617070A21402EBB004680C1 /* Sources */,
				8617070B21402EBB004680C1 /* Frameworks */,
				8617070C21402EBB004680C1 /* Resources */,
				0FFD878576A499D1DE10349E /* [CP] Embed Pods Frameworks */,
			);
			buildRules = (
			);
			dependencies = (
			);
			name = TheMovieDB;
			productName = TheMovieDB;
			productReference = 8617070E21402EBB004680C1 /* TheMovieDB.app */;
			productType = "com.apple.product-type.application";
		};
		8617072121402EBD004680C1 /* TheMovieDBTests */ = {
			isa = PBXNativeTarget;
			buildConfigurationList = 8617072E21402EBD004680C1 /* Build configuration list for PBXNativeTarget "TheMovieDBTests" */;
			buildPhases = (
				2165823348A70BA01DA9F46C /* [CP] Check Pods Manifest.lock */,
				8617071E21402EBD004680C1 /* Sources */,
				8617071F21402EBD004680C1 /* Frameworks */,
				8617072021402EBD004680C1 /* Resources */,
			);
			buildRules = (
			);
			dependencies = (
				8617072421402EBD004680C1 /* PBXTargetDependency */,
			);
			name = TheMovieDBTests;
			productName = TheMovieDBTests;
			productReference = 8617072221402EBD004680C1 /* TheMovieDBTests.xctest */;
			productType = "com.apple.product-type.bundle.unit-test";
		};
		861707592142E183004680C1 /* TheMovieDBAPITests */ = {
			isa = PBXNativeTarget;
			buildConfigurationList = 861707612142E183004680C1 /* Build configuration list for PBXNativeTarget "TheMovieDBAPITests" */;
			buildPhases = (
				F56D3735201698BAFA395925 /* [CP] Check Pods Manifest.lock */,
				861707562142E183004680C1 /* Sources */,
				861707572142E183004680C1 /* Frameworks */,
				861707582142E183004680C1 /* Resources */,
			);
			buildRules = (
			);
			dependencies = (
				861707602142E183004680C1 /* PBXTargetDependency */,
			);
			name = TheMovieDBAPITests;
			productName = TheMovieDBAPITests;
			productReference = 8617075A2142E183004680C1 /* TheMovieDBAPITests.xctest */;
			productType = "com.apple.product-type.bundle.unit-test";
		};
/* End PBXNativeTarget section */

/* Begin PBXProject section */
		8617070621402EBB004680C1 /* Project object */ = {
			isa = PBXProject;
			attributes = {
				LastSwiftUpdateCheck = 0940;
				LastUpgradeCheck = 0940;
				ORGANIZATIONNAME = Safehouse;
				TargetAttributes = {
					8617070D21402EBB004680C1 = {
						CreatedOnToolsVersion = 9.4.1;
					};
					8617072121402EBD004680C1 = {
						CreatedOnToolsVersion = 9.4.1;
						TestTargetID = 8617070D21402EBB004680C1;
					};
					861707592142E183004680C1 = {
						CreatedOnToolsVersion = 9.4.1;
						TestTargetID = 8617070D21402EBB004680C1;
					};
				};
			};
			buildConfigurationList = 8617070921402EBB004680C1 /* Build configuration list for PBXProject "TheMovieDB" */;
			compatibilityVersion = "Xcode 9.3";
			developmentRegion = en;
			hasScannedForEncodings = 0;
			knownRegions = (
				en,
				Base,
			);
			mainGroup = 8617070521402EBB004680C1;
			productRefGroup = 8617070F21402EBB004680C1 /* Products */;
			projectDirPath = "";
			projectRoot = "";
			targets = (
				8617070D21402EBB004680C1 /* TheMovieDB */,
				8617072121402EBD004680C1 /* TheMovieDBTests */,
				861707592142E183004680C1 /* TheMovieDBAPITests */,
			);
		};
/* End PBXProject section */

/* Begin PBXResourcesBuildPhase section */
		8617070C21402EBB004680C1 /* Resources */ = {
			isa = PBXResourcesBuildPhase;
			buildActionMask = 2147483647;
			files = (
				8617078C2143CE3D004680C1 /* Muli-Regular.ttf in Resources */,
				8617071C21402EBD004680C1 /* LaunchScreen.storyboard in Resources */,
				8617078B2143CE3D004680C1 /* Muli-Bold.ttf in Resources */,
				8617074E2142CE56004680C1 /* Localizable.strings in Resources */,
				8617073E2142C313004680C1 /* Settings.bundle in Resources */,
				8617078D2143CE3D004680C1 /* nevis.ttf in Resources */,
				8617071921402EBD004680C1 /* Assets.xcassets in Resources */,
				8617079E2143F2C1004680C1 /* genres.json in Resources */,
			);
			runOnlyForDeploymentPostprocessing = 0;
		};
		8617072021402EBD004680C1 /* Resources */ = {
			isa = PBXResourcesBuildPhase;
			buildActionMask = 2147483647;
			files = (
			);
			runOnlyForDeploymentPostprocessing = 0;
		};
		861707582142E183004680C1 /* Resources */ = {
			isa = PBXResourcesBuildPhase;
			buildActionMask = 2147483647;
			files = (
			);
			runOnlyForDeploymentPostprocessing = 0;
		};
/* End PBXResourcesBuildPhase section */

/* Begin PBXShellScriptBuildPhase section */
		0FFD878576A499D1DE10349E /* [CP] Embed Pods Frameworks */ = {
			isa = PBXShellScriptBuildPhase;
			buildActionMask = 2147483647;
			files = (
			);
			inputPaths = (
				"${SRCROOT}/Pods/Target Support Files/Pods-TheMovieDB/Pods-TheMovieDB-frameworks.sh",
				"${BUILT_PRODUCTS_DIR}/Alamofire/Alamofire.framework",
				"${BUILT_PRODUCTS_DIR}/AlamofireImage/AlamofireImage.framework",
				"${PODS_ROOT}/Reveal-SDK/RevealServer-17/iOS/RevealServer.framework",
				"${BUILT_PRODUCTS_DIR}/TinyConstraints/TinyConstraints.framework",
			);
			name = "[CP] Embed Pods Frameworks";
			outputPaths = (
				"${TARGET_BUILD_DIR}/${FRAMEWORKS_FOLDER_PATH}/Alamofire.framework",
				"${TARGET_BUILD_DIR}/${FRAMEWORKS_FOLDER_PATH}/AlamofireImage.framework",
				"${TARGET_BUILD_DIR}/${FRAMEWORKS_FOLDER_PATH}/RevealServer.framework",
				"${TARGET_BUILD_DIR}/${FRAMEWORKS_FOLDER_PATH}/TinyConstraints.framework",
			);
			runOnlyForDeploymentPostprocessing = 0;
			shellPath = /bin/sh;
			shellScript = "\"${SRCROOT}/Pods/Target Support Files/Pods-TheMovieDB/Pods-TheMovieDB-frameworks.sh\"\n";
			showEnvVarsInLog = 0;
		};
		2165823348A70BA01DA9F46C /* [CP] Check Pods Manifest.lock */ = {
			isa = PBXShellScriptBuildPhase;
			buildActionMask = 2147483647;
			files = (
			);
			inputPaths = (
				"${PODS_PODFILE_DIR_PATH}/Podfile.lock",
				"${PODS_ROOT}/Manifest.lock",
			);
			name = "[CP] Check Pods Manifest.lock";
			outputPaths = (
				"$(DERIVED_FILE_DIR)/Pods-TheMovieDBTests-checkManifestLockResult.txt",
			);
			runOnlyForDeploymentPostprocessing = 0;
			shellPath = /bin/sh;
			shellScript = "diff \"${PODS_PODFILE_DIR_PATH}/Podfile.lock\" \"${PODS_ROOT}/Manifest.lock\" > /dev/null\nif [ $? != 0 ] ; then\n    # print error to STDERR\n    echo \"error: The sandbox is not in sync with the Podfile.lock. Run 'pod install' or update your CocoaPods installation.\" >&2\n    exit 1\nfi\n# This output is used by Xcode 'outputs' to avoid re-running this script phase.\necho \"SUCCESS\" > \"${SCRIPT_OUTPUT_FILE_0}\"\n";
			showEnvVarsInLog = 0;
		};
		78E16D728E2E13880C85C4CF /* [CP] Check Pods Manifest.lock */ = {
			isa = PBXShellScriptBuildPhase;
			buildActionMask = 2147483647;
			files = (
			);
			inputPaths = (
				"${PODS_PODFILE_DIR_PATH}/Podfile.lock",
				"${PODS_ROOT}/Manifest.lock",
			);
			name = "[CP] Check Pods Manifest.lock";
			outputPaths = (
				"$(DERIVED_FILE_DIR)/Pods-TheMovieDB-checkManifestLockResult.txt",
			);
			runOnlyForDeploymentPostprocessing = 0;
			shellPath = /bin/sh;
			shellScript = "diff \"${PODS_PODFILE_DIR_PATH}/Podfile.lock\" \"${PODS_ROOT}/Manifest.lock\" > /dev/null\nif [ $? != 0 ] ; then\n    # print error to STDERR\n    echo \"error: The sandbox is not in sync with the Podfile.lock. Run 'pod install' or update your CocoaPods installation.\" >&2\n    exit 1\nfi\n# This output is used by Xcode 'outputs' to avoid re-running this script phase.\necho \"SUCCESS\" > \"${SCRIPT_OUTPUT_FILE_0}\"\n";
			showEnvVarsInLog = 0;
		};
		F56D3735201698BAFA395925 /* [CP] Check Pods Manifest.lock */ = {
			isa = PBXShellScriptBuildPhase;
			buildActionMask = 2147483647;
			files = (
			);
			inputPaths = (
				"${PODS_PODFILE_DIR_PATH}/Podfile.lock",
				"${PODS_ROOT}/Manifest.lock",
			);
			name = "[CP] Check Pods Manifest.lock";
			outputPaths = (
				"$(DERIVED_FILE_DIR)/Pods-TheMovieDBAPITests-checkManifestLockResult.txt",
			);
			runOnlyForDeploymentPostprocessing = 0;
			shellPath = /bin/sh;
			shellScript = "diff \"${PODS_PODFILE_DIR_PATH}/Podfile.lock\" \"${PODS_ROOT}/Manifest.lock\" > /dev/null\nif [ $? != 0 ] ; then\n    # print error to STDERR\n    echo \"error: The sandbox is not in sync with the Podfile.lock. Run 'pod install' or update your CocoaPods installation.\" >&2\n    exit 1\nfi\n# This output is used by Xcode 'outputs' to avoid re-running this script phase.\necho \"SUCCESS\" > \"${SCRIPT_OUTPUT_FILE_0}\"\n";
			showEnvVarsInLog = 0;
		};
/* End PBXShellScriptBuildPhase section */

/* Begin PBXSourcesBuildPhase section */
		8617070A21402EBB004680C1 /* Sources */ = {
			isa = PBXSourcesBuildPhase;
			buildActionMask = 2147483647;
			files = (
				861707522142CF47004680C1 /* AppConfig.swift in Sources */,
				861707392142C081004680C1 /* Settings.swift in Sources */,
				861707742143C0D4004680C1 /* MovieListViewController.swift in Sources */,
				861707992143F103004680C1 /* Genre.swift in Sources */,
				861707552142D5DA004680C1 /* GetMoviesWorker.swift in Sources */,
				861707972143F051004680C1 /* GetGenresWorker.swift in Sources */,
				861707A721441010004680C1 /* Date.swift in Sources */,
				8617071221402EBB004680C1 /* AppDelegate.swift in Sources */,
				861707932143D3DF004680C1 /* MovieListDataSource.swift in Sources */,
				8617077D2143C54B004680C1 /* Style.swift in Sources */,
				861707952143D95F004680C1 /* MovieListInteractor.swift in Sources */,
				861707822143C61E004680C1 /* Label.swift in Sources */,
				861707422142C9D5004680C1 /* APIClient.swift in Sources */,
				861707462142CA93004680C1 /* APIRequests.swift in Sources */,
				861707772143C222004680C1 /* ViewController.swift in Sources */,
				861707482142CA9F004680C1 /* APIResponses.swift in Sources */,
				861707842143CADE004680C1 /* MovieCell.swift in Sources */,
				8617074B2142CC00004680C1 /* String.swift in Sources */,
				861707902143D266004680C1 /* TableView.swift in Sources */,
				861707802143C5D4004680C1 /* Labels.swift in Sources */,
				8617077A2143C424004680C1 /* MovieListView.swift in Sources */,
				8617079C2143F1DE004680C1 /* GenreManager.swift in Sources */,
				8617076E2142E405004680C1 /* Movie.swift in Sources */,
				861707442142CA81004680C1 /* JSONHelpers.swift in Sources */,
			);
			runOnlyForDeploymentPostprocessing = 0;
		};
		8617071E21402EBD004680C1 /* Sources */ = {
			isa = PBXSourcesBuildPhase;
			buildActionMask = 2147483647;
			files = (
				861707702142E409004680C1 /* Movie.swift in Sources */,
				8617072721402EBD004680C1 /* TheMovieDBTests.swift in Sources */,
				861707A821441010004680C1 /* Date.swift in Sources */,
			);
			runOnlyForDeploymentPostprocessing = 0;
		};
		861707562142E183004680C1 /* Sources */ = {
			isa = PBXSourcesBuildPhase;
			buildActionMask = 2147483647;
			files = (
				861707692142E2C5004680C1 /* Settings.swift in Sources */,
				8617076B2142E2E2004680C1 /* JSONHelpers.swift in Sources */,
				8617076F2142E409004680C1 /* Movie.swift in Sources */,
				861707A12144006F004680C1 /* Genre.swift in Sources */,
				861707A021440069004680C1 /* GenreManager.swift in Sources */,
				8617075D2142E183004680C1 /* TheMovieDBAPITests.swift in Sources */,
				861707682142E1E0004680C1 /* APIResponses.swift in Sources */,
				861707652142E1D1004680C1 /* GetMoviesWorker.swift in Sources */,
				861707A921441010004680C1 /* Date.swift in Sources */,
				8617079F21440063004680C1 /* GetGenresWorker.swift in Sources */,
				8617076A2142E2DD004680C1 /* String.swift in Sources */,
				861707672142E1DE004680C1 /* APIRequests.swift in Sources */,
				861707662142E1DB004680C1 /* APIClient.swift in Sources */,
			);
			runOnlyForDeploymentPostprocessing = 0;
		};
/* End PBXSourcesBuildPhase section */

/* Begin PBXTargetDependency section */
		8617072421402EBD004680C1 /* PBXTargetDependency */ = {
			isa = PBXTargetDependency;
			target = 8617070D21402EBB004680C1 /* TheMovieDB */;
			targetProxy = 8617072321402EBD004680C1 /* PBXContainerItemProxy */;
		};
		861707602142E183004680C1 /* PBXTargetDependency */ = {
			isa = PBXTargetDependency;
			target = 8617070D21402EBB004680C1 /* TheMovieDB */;
			targetProxy = 8617075F2142E183004680C1 /* PBXContainerItemProxy */;
		};
/* End PBXTargetDependency section */

/* Begin PBXVariantGroup section */
		8617071A21402EBD004680C1 /* LaunchScreen.storyboard */ = {
			isa = PBXVariantGroup;
			children = (
				8617071B21402EBD004680C1 /* Base */,
			);
			name = LaunchScreen.storyboard;
			sourceTree = "<group>";
		};
/* End PBXVariantGroup section */

/* Begin XCBuildConfiguration section */
		8617072921402EBD004680C1 /* Debug */ = {
			isa = XCBuildConfiguration;
			buildSettings = {
				ALWAYS_SEARCH_USER_PATHS = NO;
				CLANG_ANALYZER_NONNULL = YES;
				CLANG_ANALYZER_NUMBER_OBJECT_CONVERSION = YES_AGGRESSIVE;
				CLANG_CXX_LANGUAGE_STANDARD = "gnu++14";
				CLANG_CXX_LIBRARY = "libc++";
				CLANG_ENABLE_MODULES = YES;
				CLANG_ENABLE_OBJC_ARC = YES;
				CLANG_ENABLE_OBJC_WEAK = YES;
				CLANG_WARN_BLOCK_CAPTURE_AUTORELEASING = YES;
				CLANG_WARN_BOOL_CONVERSION = YES;
				CLANG_WARN_COMMA = YES;
				CLANG_WARN_CONSTANT_CONVERSION = YES;
				CLANG_WARN_DEPRECATED_OBJC_IMPLEMENTATIONS = YES;
				CLANG_WARN_DIRECT_OBJC_ISA_USAGE = YES_ERROR;
				CLANG_WARN_DOCUMENTATION_COMMENTS = YES;
				CLANG_WARN_EMPTY_BODY = YES;
				CLANG_WARN_ENUM_CONVERSION = YES;
				CLANG_WARN_INFINITE_RECURSION = YES;
				CLANG_WARN_INT_CONVERSION = YES;
				CLANG_WARN_NON_LITERAL_NULL_CONVERSION = YES;
				CLANG_WARN_OBJC_IMPLICIT_RETAIN_SELF = YES;
				CLANG_WARN_OBJC_LITERAL_CONVERSION = YES;
				CLANG_WARN_OBJC_ROOT_CLASS = YES_ERROR;
				CLANG_WARN_RANGE_LOOP_ANALYSIS = YES;
				CLANG_WARN_STRICT_PROTOTYPES = YES;
				CLANG_WARN_SUSPICIOUS_MOVE = YES;
				CLANG_WARN_UNGUARDED_AVAILABILITY = YES_AGGRESSIVE;
				CLANG_WARN_UNREACHABLE_CODE = YES;
				CLANG_WARN__DUPLICATE_METHOD_MATCH = YES;
				CODE_SIGN_IDENTITY = "iPhone Developer";
				COPY_PHASE_STRIP = NO;
				DEBUG_INFORMATION_FORMAT = dwarf;
				ENABLE_STRICT_OBJC_MSGSEND = YES;
				ENABLE_TESTABILITY = YES;
				GCC_C_LANGUAGE_STANDARD = gnu11;
				GCC_DYNAMIC_NO_PIC = NO;
				GCC_NO_COMMON_BLOCKS = YES;
				GCC_OPTIMIZATION_LEVEL = 0;
				GCC_PREPROCESSOR_DEFINITIONS = (
					"DEBUG=1",
					"$(inherited)",
				);
				GCC_WARN_64_TO_32_BIT_CONVERSION = YES;
				GCC_WARN_ABOUT_RETURN_TYPE = YES_ERROR;
				GCC_WARN_UNDECLARED_SELECTOR = YES;
				GCC_WARN_UNINITIALIZED_AUTOS = YES_AGGRESSIVE;
				GCC_WARN_UNUSED_FUNCTION = YES;
				GCC_WARN_UNUSED_VARIABLE = YES;
				IPHONEOS_DEPLOYMENT_TARGET = 10.0;
				MTL_ENABLE_DEBUG_INFO = YES;
				ONLY_ACTIVE_ARCH = YES;
				SDKROOT = iphoneos;
				SWIFT_ACTIVE_COMPILATION_CONDITIONS = "DEBUG DEV";
				SWIFT_OPTIMIZATION_LEVEL = "-Onone";
			};
			name = Debug;
		};
		8617072A21402EBD004680C1 /* Release */ = {
			isa = XCBuildConfiguration;
			buildSettings = {
				ALWAYS_SEARCH_USER_PATHS = NO;
				CLANG_ANALYZER_NONNULL = YES;
				CLANG_ANALYZER_NUMBER_OBJECT_CONVERSION = YES_AGGRESSIVE;
				CLANG_CXX_LANGUAGE_STANDARD = "gnu++14";
				CLANG_CXX_LIBRARY = "libc++";
				CLANG_ENABLE_MODULES = YES;
				CLANG_ENABLE_OBJC_ARC = YES;
				CLANG_ENABLE_OBJC_WEAK = YES;
				CLANG_WARN_BLOCK_CAPTURE_AUTORELEASING = YES;
				CLANG_WARN_BOOL_CONVERSION = YES;
				CLANG_WARN_COMMA = YES;
				CLANG_WARN_CONSTANT_CONVERSION = YES;
				CLANG_WARN_DEPRECATED_OBJC_IMPLEMENTATIONS = YES;
				CLANG_WARN_DIRECT_OBJC_ISA_USAGE = YES_ERROR;
				CLANG_WARN_DOCUMENTATION_COMMENTS = YES;
				CLANG_WARN_EMPTY_BODY = YES;
				CLANG_WARN_ENUM_CONVERSION = YES;
				CLANG_WARN_INFINITE_RECURSION = YES;
				CLANG_WARN_INT_CONVERSION = YES;
				CLANG_WARN_NON_LITERAL_NULL_CONVERSION = YES;
				CLANG_WARN_OBJC_IMPLICIT_RETAIN_SELF = YES;
				CLANG_WARN_OBJC_LITERAL_CONVERSION = YES;
				CLANG_WARN_OBJC_ROOT_CLASS = YES_ERROR;
				CLANG_WARN_RANGE_LOOP_ANALYSIS = YES;
				CLANG_WARN_STRICT_PROTOTYPES = YES;
				CLANG_WARN_SUSPICIOUS_MOVE = YES;
				CLANG_WARN_UNGUARDED_AVAILABILITY = YES_AGGRESSIVE;
				CLANG_WARN_UNREACHABLE_CODE = YES;
				CLANG_WARN__DUPLICATE_METHOD_MATCH = YES;
				CODE_SIGN_IDENTITY = "iPhone Developer";
				COPY_PHASE_STRIP = NO;
				DEBUG_INFORMATION_FORMAT = "dwarf-with-dsym";
				ENABLE_NS_ASSERTIONS = NO;
				ENABLE_STRICT_OBJC_MSGSEND = YES;
				GCC_C_LANGUAGE_STANDARD = gnu11;
				GCC_NO_COMMON_BLOCKS = YES;
				GCC_WARN_64_TO_32_BIT_CONVERSION = YES;
				GCC_WARN_ABOUT_RETURN_TYPE = YES_ERROR;
				GCC_WARN_UNDECLARED_SELECTOR = YES;
				GCC_WARN_UNINITIALIZED_AUTOS = YES_AGGRESSIVE;
				GCC_WARN_UNUSED_FUNCTION = YES;
				GCC_WARN_UNUSED_VARIABLE = YES;
				IPHONEOS_DEPLOYMENT_TARGET = 10.0;
				MTL_ENABLE_DEBUG_INFO = NO;
				SDKROOT = iphoneos;
				SWIFT_COMPILATION_MODE = wholemodule;
				SWIFT_OPTIMIZATION_LEVEL = "-O";
				VALIDATE_PRODUCT = YES;
			};
			name = Release;
		};
		8617072C21402EBD004680C1 /* Debug */ = {
			isa = XCBuildConfiguration;
			baseConfigurationReference = EDD04021C27748EE483DB5DB /* Pods-TheMovieDB.debug.xcconfig */;
			buildSettings = {
				ASSETCATALOG_COMPILER_APPICON_NAME = AppIcon;
				CODE_SIGN_IDENTITY = "iPhone Distribution";
				CODE_SIGN_STYLE = Manual;
				DEVELOPMENT_TEAM = 622248T569;
				INFOPLIST_FILE = TheMovieDB/Info.plist;
				LD_RUNPATH_SEARCH_PATHS = (
					"$(inherited)",
					"@executable_path/Frameworks",
				);
				PRODUCT_BUNDLE_IDENTIFIER = io.safehouse.moviedb;
				PRODUCT_NAME = "$(TARGET_NAME)";
				PROVISIONING_PROFILE = "67f83a67-211a-4f6b-a74f-7a0f40b55d43";
				PROVISIONING_PROFILE_SPECIFIER = "XC Ad Hoc: *";
				SWIFT_VERSION = 4.0;
				TARGETED_DEVICE_FAMILY = 1;
			};
			name = Debug;
		};
		8617072D21402EBD004680C1 /* Release */ = {
			isa = XCBuildConfiguration;
			baseConfigurationReference = C785D41A7D62B2917E120341 /* Pods-TheMovieDB.release.xcconfig */;
			buildSettings = {
				ASSETCATALOG_COMPILER_APPICON_NAME = AppIcon;
				CODE_SIGN_STYLE = Manual;
				DEVELOPMENT_TEAM = "";
				INFOPLIST_FILE = TheMovieDB/Info.plist;
				LD_RUNPATH_SEARCH_PATHS = (
					"$(inherited)",
					"@executable_path/Frameworks",
				);
				PRODUCT_BUNDLE_IDENTIFIER = io.safehouse.moviedb;
				PRODUCT_NAME = "$(TARGET_NAME)";
				PROVISIONING_PROFILE_SPECIFIER = "";
				SWIFT_VERSION = 4.0;
				TARGETED_DEVICE_FAMILY = 1;
			};
			name = Release;
		};
		8617072F21402EBD004680C1 /* Debug */ = {
			isa = XCBuildConfiguration;
			baseConfigurationReference = 14683E814F4E603938AC4F02 /* Pods-TheMovieDBTests.debug.xcconfig */;
			buildSettings = {
				ALWAYS_EMBED_SWIFT_STANDARD_LIBRARIES = YES;
				BUNDLE_LOADER = "$(TEST_HOST)";
				CODE_SIGN_STYLE = Automatic;
				DEVELOPMENT_TEAM = 622248T569;
				INFOPLIST_FILE = TheMovieDBTests/Info.plist;
				LD_RUNPATH_SEARCH_PATHS = (
					"$(inherited)",
					"@executable_path/Frameworks",
					"@loader_path/Frameworks",
				);
				PRODUCT_BUNDLE_IDENTIFIER = io.safehouse.moviedb.TheMovieDBTests;
				PRODUCT_NAME = "$(TARGET_NAME)";
				SWIFT_VERSION = 4.0;
				TARGETED_DEVICE_FAMILY = "1,2";
				TEST_HOST = "$(BUILT_PRODUCTS_DIR)/TheMovieDB.app/TheMovieDB";
			};
			name = Debug;
		};
		8617073021402EBD004680C1 /* Release */ = {
			isa = XCBuildConfiguration;
			baseConfigurationReference = 506AF30012B7A31AB812E042 /* Pods-TheMovieDBTests.release.xcconfig */;
			buildSettings = {
				ALWAYS_EMBED_SWIFT_STANDARD_LIBRARIES = YES;
				BUNDLE_LOADER = "$(TEST_HOST)";
				CODE_SIGN_STYLE = Automatic;
				DEVELOPMENT_TEAM = 622248T569;
				INFOPLIST_FILE = TheMovieDBTests/Info.plist;
				LD_RUNPATH_SEARCH_PATHS = (
					"$(inherited)",
					"@executable_path/Frameworks",
					"@loader_path/Frameworks",
				);
				PRODUCT_BUNDLE_IDENTIFIER = io.safehouse.moviedb.TheMovieDBTests;
				PRODUCT_NAME = "$(TARGET_NAME)";
				SWIFT_VERSION = 4.0;
				TARGETED_DEVICE_FAMILY = "1,2";
				TEST_HOST = "$(BUILT_PRODUCTS_DIR)/TheMovieDB.app/TheMovieDB";
			};
			name = Release;
		};
		8617073A2142C0E4004680C1 /* Adhoc */ = {
			isa = XCBuildConfiguration;
			buildSettings = {
				ALWAYS_SEARCH_USER_PATHS = NO;
				CLANG_ANALYZER_NONNULL = YES;
				CLANG_ANALYZER_NUMBER_OBJECT_CONVERSION = YES_AGGRESSIVE;
				CLANG_CXX_LANGUAGE_STANDARD = "gnu++14";
				CLANG_CXX_LIBRARY = "libc++";
				CLANG_ENABLE_MODULES = YES;
				CLANG_ENABLE_OBJC_ARC = YES;
				CLANG_ENABLE_OBJC_WEAK = YES;
				CLANG_WARN_BLOCK_CAPTURE_AUTORELEASING = YES;
				CLANG_WARN_BOOL_CONVERSION = YES;
				CLANG_WARN_COMMA = YES;
				CLANG_WARN_CONSTANT_CONVERSION = YES;
				CLANG_WARN_DEPRECATED_OBJC_IMPLEMENTATIONS = YES;
				CLANG_WARN_DIRECT_OBJC_ISA_USAGE = YES_ERROR;
				CLANG_WARN_DOCUMENTATION_COMMENTS = YES;
				CLANG_WARN_EMPTY_BODY = YES;
				CLANG_WARN_ENUM_CONVERSION = YES;
				CLANG_WARN_INFINITE_RECURSION = YES;
				CLANG_WARN_INT_CONVERSION = YES;
				CLANG_WARN_NON_LITERAL_NULL_CONVERSION = YES;
				CLANG_WARN_OBJC_IMPLICIT_RETAIN_SELF = YES;
				CLANG_WARN_OBJC_LITERAL_CONVERSION = YES;
				CLANG_WARN_OBJC_ROOT_CLASS = YES_ERROR;
				CLANG_WARN_RANGE_LOOP_ANALYSIS = YES;
				CLANG_WARN_STRICT_PROTOTYPES = YES;
				CLANG_WARN_SUSPICIOUS_MOVE = YES;
				CLANG_WARN_UNGUARDED_AVAILABILITY = YES_AGGRESSIVE;
				CLANG_WARN_UNREACHABLE_CODE = YES;
				CLANG_WARN__DUPLICATE_METHOD_MATCH = YES;
				CODE_SIGN_IDENTITY = "iPhone Developer";
				COPY_PHASE_STRIP = NO;
				DEBUG_INFORMATION_FORMAT = dwarf;
				ENABLE_STRICT_OBJC_MSGSEND = YES;
				ENABLE_TESTABILITY = YES;
				GCC_C_LANGUAGE_STANDARD = gnu11;
				GCC_DYNAMIC_NO_PIC = NO;
				GCC_NO_COMMON_BLOCKS = YES;
				GCC_OPTIMIZATION_LEVEL = 0;
				GCC_PREPROCESSOR_DEFINITIONS = (
					"DEBUG=1",
					"$(inherited)",
				);
				GCC_WARN_64_TO_32_BIT_CONVERSION = YES;
				GCC_WARN_ABOUT_RETURN_TYPE = YES_ERROR;
				GCC_WARN_UNDECLARED_SELECTOR = YES;
				GCC_WARN_UNINITIALIZED_AUTOS = YES_AGGRESSIVE;
				GCC_WARN_UNUSED_FUNCTION = YES;
				GCC_WARN_UNUSED_VARIABLE = YES;
				IPHONEOS_DEPLOYMENT_TARGET = 10.0;
				MTL_ENABLE_DEBUG_INFO = YES;
				ONLY_ACTIVE_ARCH = YES;
				SDKROOT = iphoneos;
				SWIFT_ACTIVE_COMPILATION_CONDITIONS = "DEBUG DEV";
				SWIFT_OPTIMIZATION_LEVEL = "-Onone";
			};
			name = Adhoc;
		};
		8617073B2142C0E4004680C1 /* Adhoc */ = {
			isa = XCBuildConfiguration;
			baseConfigurationReference = 7DD6B776375E957643D1714F /* Pods-TheMovieDB.adhoc.xcconfig */;
			buildSettings = {
				ASSETCATALOG_COMPILER_APPICON_NAME = AppIcon;
				CODE_SIGN_IDENTITY = "iPhone Distribution";
				CODE_SIGN_STYLE = Manual;
				DEVELOPMENT_TEAM = 622248T569;
				INFOPLIST_FILE = TheMovieDB/Info.plist;
				LD_RUNPATH_SEARCH_PATHS = (
					"$(inherited)",
					"@executable_path/Frameworks",
				);
				PRODUCT_BUNDLE_IDENTIFIER = io.safehouse.moviedb;
				PRODUCT_NAME = "$(TARGET_NAME)";
				PROVISIONING_PROFILE = "67f83a67-211a-4f6b-a74f-7a0f40b55d43";
				PROVISIONING_PROFILE_SPECIFIER = "XC Ad Hoc: *";
				SWIFT_VERSION = 4.0;
				TARGETED_DEVICE_FAMILY = 1;
			};
			name = Adhoc;
		};
		8617073C2142C0E4004680C1 /* Adhoc */ = {
			isa = XCBuildConfiguration;
			baseConfigurationReference = 854867C8B2D48528994D2879 /* Pods-TheMovieDBTests.adhoc.xcconfig */;
			buildSettings = {
				ALWAYS_EMBED_SWIFT_STANDARD_LIBRARIES = YES;
				BUNDLE_LOADER = "$(TEST_HOST)";
				CODE_SIGN_STYLE = Automatic;
				DEVELOPMENT_TEAM = 622248T569;
				INFOPLIST_FILE = TheMovieDBTests/Info.plist;
				LD_RUNPATH_SEARCH_PATHS = (
					"$(inherited)",
					"@executable_path/Frameworks",
					"@loader_path/Frameworks",
				);
				PRODUCT_BUNDLE_IDENTIFIER = io.safehouse.moviedb.TheMovieDBTests;
				PRODUCT_NAME = "$(TARGET_NAME)";
				SWIFT_VERSION = 4.0;
				TARGETED_DEVICE_FAMILY = "1,2";
				TEST_HOST = "$(BUILT_PRODUCTS_DIR)/TheMovieDB.app/TheMovieDB";
			};
			name = Adhoc;
		};
		861707622142E183004680C1 /* Debug */ = {
			isa = XCBuildConfiguration;
			baseConfigurationReference = 6D67FD252B8C3ECB794C6DB3 /* Pods-TheMovieDBAPITests.debug.xcconfig */;
			buildSettings = {
				BUNDLE_LOADER = "$(TEST_HOST)";
				CODE_SIGN_STYLE = Automatic;
				DEVELOPMENT_TEAM = 622248T569;
				INFOPLIST_FILE = TheMovieDBAPITests/Info.plist;
				IPHONEOS_DEPLOYMENT_TARGET = 11.4;
				LD_RUNPATH_SEARCH_PATHS = (
					"$(inherited)",
					"@executable_path/Frameworks",
					"@loader_path/Frameworks",
				);
				PRODUCT_BUNDLE_IDENTIFIER = io.safehouse.moviedb.TheMovieDBAPITests;
				PRODUCT_NAME = "$(TARGET_NAME)";
				SWIFT_ACTIVE_COMPILATION_CONDITIONS = DEBUG;
				SWIFT_VERSION = 4.0;
				TARGETED_DEVICE_FAMILY = "1,2";
				TEST_HOST = "$(BUILT_PRODUCTS_DIR)/TheMovieDB.app/TheMovieDB";
			};
			name = Debug;
		};
		861707632142E183004680C1 /* Adhoc */ = {
			isa = XCBuildConfiguration;
			baseConfigurationReference = E5D6A075EEAF6711B585C046 /* Pods-TheMovieDBAPITests.adhoc.xcconfig */;
			buildSettings = {
				BUNDLE_LOADER = "$(TEST_HOST)";
				CODE_SIGN_STYLE = Automatic;
				DEVELOPMENT_TEAM = 622248T569;
				INFOPLIST_FILE = TheMovieDBAPITests/Info.plist;
				IPHONEOS_DEPLOYMENT_TARGET = 11.4;
				LD_RUNPATH_SEARCH_PATHS = (
					"$(inherited)",
					"@executable_path/Frameworks",
					"@loader_path/Frameworks",
				);
				PRODUCT_BUNDLE_IDENTIFIER = io.safehouse.moviedb.TheMovieDBAPITests;
				PRODUCT_NAME = "$(TARGET_NAME)";
				SWIFT_VERSION = 4.0;
				TARGETED_DEVICE_FAMILY = "1,2";
				TEST_HOST = "$(BUILT_PRODUCTS_DIR)/TheMovieDB.app/TheMovieDB";
			};
			name = Adhoc;
		};
		861707642142E183004680C1 /* Release */ = {
			isa = XCBuildConfiguration;
			baseConfigurationReference = BAEAD7CFD31485E00B3FC593 /* Pods-TheMovieDBAPITests.release.xcconfig */;
			buildSettings = {
				BUNDLE_LOADER = "$(TEST_HOST)";
				CODE_SIGN_STYLE = Automatic;
				DEVELOPMENT_TEAM = 622248T569;
				INFOPLIST_FILE = TheMovieDBAPITests/Info.plist;
				IPHONEOS_DEPLOYMENT_TARGET = 11.4;
				LD_RUNPATH_SEARCH_PATHS = (
					"$(inherited)",
					"@executable_path/Frameworks",
					"@loader_path/Frameworks",
				);
				PRODUCT_BUNDLE_IDENTIFIER = io.safehouse.moviedb.TheMovieDBAPITests;
				PRODUCT_NAME = "$(TARGET_NAME)";
				SWIFT_VERSION = 4.0;
				TARGETED_DEVICE_FAMILY = "1,2";
				TEST_HOST = "$(BUILT_PRODUCTS_DIR)/TheMovieDB.app/TheMovieDB";
			};
			name = Release;
		};
/* End XCBuildConfiguration section */

/* Begin XCConfigurationList section */
		8617070921402EBB004680C1 /* Build configuration list for PBXProject "TheMovieDB" */ = {
			isa = XCConfigurationList;
			buildConfigurations = (
				8617072921402EBD004680C1 /* Debug */,
				8617073A2142C0E4004680C1 /* Adhoc */,
				8617072A21402EBD004680C1 /* Release */,
			);
			defaultConfigurationIsVisible = 0;
			defaultConfigurationName = Release;
		};
		8617072B21402EBD004680C1 /* Build configuration list for PBXNativeTarget "TheMovieDB" */ = {
			isa = XCConfigurationList;
			buildConfigurations = (
				8617072C21402EBD004680C1 /* Debug */,
				8617073B2142C0E4004680C1 /* Adhoc */,
				8617072D21402EBD004680C1 /* Release */,
			);
			defaultConfigurationIsVisible = 0;
			defaultConfigurationName = Release;
		};
		8617072E21402EBD004680C1 /* Build configuration list for PBXNativeTarget "TheMovieDBTests" */ = {
			isa = XCConfigurationList;
			buildConfigurations = (
				8617072F21402EBD004680C1 /* Debug */,
				8617073C2142C0E4004680C1 /* Adhoc */,
				8617073021402EBD004680C1 /* Release */,
			);
			defaultConfigurationIsVisible = 0;
			defaultConfigurationName = Release;
		};
		861707612142E183004680C1 /* Build configuration list for PBXNativeTarget "TheMovieDBAPITests" */ = {
			isa = XCConfigurationList;
			buildConfigurations = (
				861707622142E183004680C1 /* Debug */,
				861707632142E183004680C1 /* Adhoc */,
				861707642142E183004680C1 /* Release */,
			);
			defaultConfigurationIsVisible = 0;
			defaultConfigurationName = Release;
		};
/* End XCConfigurationList section */
	};
	rootObject = 8617070621402EBB004680C1 /* Project object */;
}
